{
	"name": "elm-language-server",
	"version": "1.0.0",
	"lockfileVersion": 1,
	"requires": true,
	"dependencies": {
		"@types/mocha": {
			"version": "5.2.4",
			"resolved": "https://registry.npmjs.org/@types/mocha/-/mocha-5.2.4.tgz",
			"integrity": "sha512-XMHApnKWI0jvXU5gLcSTsRjJBpSzP0BG+2oGv98JFyS4a5R0tRy0oshHBRndb3BuHb9AwDKaUL8Ja7GfUvsG4g==",
			"dev": true
		},
		"@types/node": {
			"version": "8.10.21",
			"resolved": "https://registry.npmjs.org/@types/node/-/node-8.10.21.tgz",
			"integrity": "sha512-87XkD9qDXm8fIax+5y7drx84cXsu34ZZqfB7Cial3Q/2lxSoJ/+DRaWckkCbxP41wFSIrrb939VhzaNxj4eY1w==",
			"dev": true
		},
		"typescript": {
			"version": "2.8.3",
			"resolved": "https://registry.npmjs.org/typescript/-/typescript-2.8.3.tgz",
			"integrity": "sha512-K7g15Bb6Ra4lKf7Iq2l/I5/En+hLIHmxWZGq3D4DIRNFxMNV6j2SHSvDOqs2tGd4UvD/fJvrwopzQXjLrT7Itw==",
			"dev": true
		}
	}
}
